
Microsoft Visual Studio Solution File, Format Version 12.00
# Visual Studio Version 16
VisualStudioVersion = 16.0.29326.143
MinimumVisualStudioVersion = 10.0.40219.1
Project("{888888A0-9F3D-457C-B088-3A5042F75D52}") = "tutorial", "tutorial.pyproj", "{D3011235-78D5-4AA7-8280-C94E53BF95D0}"
EndProject
Global
	GlobalSection(SolutionConfigurationPlatforms) = preSolution
		Debug|Any CPU = Debug|Any CPU
		Release|Any CPU = Release|Any CPU
	EndGlobalSection
	GlobalSection(ProjectConfigurationPlatforms) = postSolution
		{D3011235-78D5-4AA7-8280-C94E53BF95D0}.Debug|Any CPU.ActiveCfg = Debug|Any CPU
		{D3011235-78D5-4AA7-8280-C94E53BF95D0}.Release|Any CPU.ActiveCfg = Release|Any CPU
	EndGlobalSection
	GlobalSection(SolutionProperties) = preSolution
		HideSolutionNode = FALSE
	EndGlobalSection
	GlobalSection(ExtensibilityGlobals) = postSolution
		SolutionGuid = {D20DBE91-382B-4A3C-B965-5B1B3CF67796}
	EndGlobalSection
EndGlobal
